
Microsoft Visual Studio Solution File, Format Version 12.00
# Visual Studio Version 16
VisualStudioVersion = 16.0.29613.14
MinimumVisualStudioVersion = 10.0.40219.1
Project("{FAE04EC0-301F-11D3-BF4B-00C04F79EFBC}") = "MyPlugins", "MyPlugins\MyPlugins.csproj", "{12408505-2CCA-4254-9107-8A2997D20C7B}"
EndProject
Project("{FAE04EC0-301F-11D3-BF4B-00C04F79EFBC}") = "MyCustomWorkflows", "MyCustomWorkflows\MyCustomWorkflows.csproj", "{B722D5B1-1345-4871-A319-1667059DBD5F}"
EndProject
Global
	GlobalSection(SolutionConfigurationPlatforms) = preSolution
		Debug|Any CPU = Debug|Any CPU
		Release|Any CPU = Release|Any CPU
	EndGlobalSection
	GlobalSection(ProjectConfigurationPlatforms) = postSolution
		{12408505-2CCA-4254-9107-8A2997D20C7B}.Debug|Any CPU.ActiveCfg = Debug|Any CPU
		{12408505-2CCA-4254-9107-8A2997D20C7B}.Debug|Any CPU.Build.0 = Debug|Any CPU
		{12408505-2CCA-4254-9107-8A2997D20C7B}.Release|Any CPU.ActiveCfg = Release|Any CPU
		{12408505-2CCA-4254-9107-8A2997D20C7B}.Release|Any CPU.Build.0 = Release|Any CPU
		{B722D5B1-1345-4871-A319-1667059DBD5F}.Debug|Any CPU.ActiveCfg = Debug|Any CPU
		{B722D5B1-1345-4871-A319-1667059DBD5F}.Debug|Any CPU.Build.0 = Debug|Any CPU
		{B722D5B1-1345-4871-A319-1667059DBD5F}.Release|Any CPU.ActiveCfg = Release|Any CPU
		{B722D5B1-1345-4871-A319-1667059DBD5F}.Release|Any CPU.Build.0 = Release|Any CPU
	EndGlobalSection
	GlobalSection(SolutionProperties) = preSolution
		HideSolutionNode = FALSE
	EndGlobalSection
	GlobalSection(ExtensibilityGlobals) = postSolution
		SolutionGuid = {982AA730-EDA5-4631-B746-9576AFC49BE6}
	EndGlobalSection
EndGlobal
